// !$*UTF8*$!
{
	archiveVersion = 1;
	classes = {
	};
	objectVersion = 55;
	objects = {

/* Begin PBXBuildFile section */
		85A8191328BC5C880041151E /* AppDelegate.swift in Sources */ = {isa = PBXBuildFile; fileRef = 85A8191228BC5C880041151E /* AppDelegate.swift */; };
		85A8191528BC5C880041151E /* SceneDelegate.swift in Sources */ = {isa = PBXBuildFile; fileRef = 85A8191428BC5C880041151E /* SceneDelegate.swift */; };
		85A8191728BC5C880041151E /* ViewController.swift in Sources */ = {isa = PBXBuildFile; fileRef = 85A8191628BC5C880041151E /* ViewController.swift */; };
		85A8191A28BC5C880041151E /* Main.storyboard in Resources */ = {isa = PBXBuildFile; fileRef = 85A8191828BC5C880041151E /* Main.storyboard */; };
		85A8191C28BC5C8A0041151E /* Assets.xcassets in Resources */ = {isa = PBXBuildFile; fileRef = 85A8191B28BC5C8A0041151E /* Assets.xcassets */; };
		85A8191F28BC5C8A0041151E /* LaunchScreen.storyboard in Resources */ = {isa = PBXBuildFile; fileRef = 85A8191D28BC5C8A0041151E /* LaunchScreen.storyboard */; };
		85A8192A28BC5C8A0041151E /* iOS_Tip_CalculatorTests.swift in Sources */ = {isa = PBXBuildFile; fileRef = 85A8192928BC5C8A0041151E /* iOS_Tip_CalculatorTests.swift */; };
		85A8193428BC5C8A0041151E /* iOS_Tip_CalculatorUITests.swift in Sources */ = {isa = PBXBuildFile; fileRef = 85A8193328BC5C8A0041151E /* iOS_Tip_CalculatorUITests.swift */; };
		85A8193628BC5C8A0041151E /* iOS_Tip_CalculatorUITestsLaunchTests.swift in Sources */ = {isa = PBXBuildFile; fileRef = 85A8193528BC5C8A0041151E /* iOS_Tip_CalculatorUITestsLaunchTests.swift */; };
/* End PBXBuildFile section */

/* Begin PBXContainerItemProxy section */
		85A8192628BC5C8A0041151E /* PBXContainerItemProxy */ = {
			isa = PBXContainerItemProxy;
			containerPortal = 85A8190728BC5C880041151E /* Project object */;
			proxyType = 1;
			remoteGlobalIDString = 85A8190E28BC5C880041151E;
			remoteInfo = "iOS Tip Calculator";
		};
		85A8193028BC5C8A0041151E /* PBXContainerItemProxy */ = {
			isa = PBXContainerItemProxy;
			containerPortal = 85A8190728BC5C880041151E /* Project object */;
			proxyType = 1;
			remoteGlobalIDString = 85A8190E28BC5C880041151E;
			remoteInfo = "iOS Tip Calculator";
		};
/* End PBXContainerItemProxy section */

/* Begin PBXFileReference section */
		85A8190F28BC5C880041151E /* iOS Tip Calculator.app */ = {isa = PBXFileReference; explicitFileType = wrapper.application; includeInIndex = 0; path = "iOS Tip Calculator.app"; sourceTree = BUILT_PRODUCTS_DIR; };
		85A8191228BC5C880041151E /* AppDelegate.swift */ = {isa = PBXFileReference; lastKnownFileType = sourcecode.swift; path = AppDelegate.swift; sourceTree = "<group>"; };
		85A8191428BC5C880041151E /* SceneDelegate.swift */ = {isa = PBXFileReference; lastKnownFileType = sourcecode.swift; path = SceneDelegate.swift; sourceTree = "<group>"; };
		85A8191628BC5C880041151E /* ViewController.swift */ = {isa = PBXFileReference; lastKnownFileType = sourcecode.swift; path = ViewController.swift; sourceTree = "<group>"; };
		85A8191928BC5C880041151E /* Base */ = {isa = PBXFileReference; lastKnownFileType = file.storyboard; name = Base; path = Base.lproj/Main.storyboard; sourceTree = "<group>"; };
		85A8191B28BC5C8A0041151E /* Assets.xcassets */ = {isa = PBXFileReference; lastKnownFileType = folder.assetcatalog; path = Assets.xcassets; sourceTree = "<group>"; };
		85A8191E28BC5C8A0041151E /* Base */ = {isa = PBXFileReference; lastKnownFileType = file.storyboard; name = Base; path = Base.lproj/LaunchScreen.storyboard; sourceTree = "<group>"; };
		85A8192028BC5C8A0041151E /* Info.plist */ = {isa = PBXFileReference; lastKnownFileType = text.plist.xml; path = Info.plist; sourceTree = "<group>"; };
		85A8192528BC5C8A0041151E /* iOS Tip CalculatorTests.xctest */ = {isa = PBXFileReference; explicitFileType = wrapper.cfbundle; includeInIndex = 0; path = "iOS Tip CalculatorTests.xctest"; sourceTree = BUILT_PRODUCTS_DIR; };
		85A8192928BC5C8A0041151E /* iOS_Tip_CalculatorTests.swift */ = {isa = PBXFileReference; lastKnownFileType = sourcecode.swift; path = iOS_Tip_CalculatorTests.swift; sourceTree = "<group>"; };
		85A8192F28BC5C8A0041151E /* iOS Tip CalculatorUITests.xctest */ = {isa = PBXFileReference; explicitFileType = wrapper.cfbundle; includeInIndex = 0; path = "iOS Tip CalculatorUITests.xctest"; sourceTree = BUILT_PRODUCTS_DIR; };
		85A8193328BC5C8A0041151E /* iOS_Tip_CalculatorUITests.swift */ = {isa = PBXFileReference; lastKnownFileType = sourcecode.swift; path = iOS_Tip_CalculatorUITests.swift; sourceTree = "<group>"; };
		85A8193528BC5C8A0041151E /* iOS_Tip_CalculatorUITestsLaunchTests.swift */ = {isa = PBXFileReference; lastKnownFileType = sourcecode.swift; path = iOS_Tip_CalculatorUITestsLaunchTests.swift; sourceTree = "<group>"; };
/* End PBXFileReference section */

/* Begin PBXFrameworksBuildPhase section */
		85A8190C28BC5C880041151E /* Frameworks */ = {
			isa = PBXFrameworksBuildPhase;
			buildActionMask = 2147483647;
			files = (
			);
			runOnlyForDeploymentPostprocessing = 0;
		};
		85A8192228BC5C8A0041151E /* Frameworks */ = {
			isa = PBXFrameworksBuildPhase;
			buildActionMask = 2147483647;
			files = (
			);
			runOnlyForDeploymentPostprocessing = 0;
		};
		85A8192C28BC5C8A0041151E /* Frameworks */ = {
			isa = PBXFrameworksBuildPhase;
			buildActionMask = 2147483647;
			files = (
			);
			runOnlyForDeploymentPostprocessing = 0;
		};
/* End PBXFrameworksBuildPhase section */

/* Begin PBXGroup section */
		85A8190628BC5C880041151E = {
			isa = PBXGroup;
			children = (
				85A8191128BC5C880041151E /* iOS Tip Calculator */,
				85A8192828BC5C8A0041151E /* iOS Tip CalculatorTests */,
				85A8193228BC5C8A0041151E /* iOS Tip CalculatorUITests */,
				85A8191028BC5C880041151E /* Products */,
			);
			sourceTree = "<group>";
		};
		85A8191028BC5C880041151E /* Products */ = {
			isa = PBXGroup;
			children = (
				85A8190F28BC5C880041151E /* iOS Tip Calculator.app */,
				85A8192528BC5C8A0041151E /* iOS Tip CalculatorTests.xctest */,
				85A8192F28BC5C8A0041151E /* iOS Tip CalculatorUITests.xctest */,
			);
			name = Products;
			sourceTree = "<group>";
		};
		85A8191128BC5C880041151E /* iOS Tip Calculator */ = {
			isa = PBXGroup;
			children = (
				85A8191228BC5C880041151E /* AppDelegate.swift */,
				85A8191428BC5C880041151E /* SceneDelegate.swift */,
				85A8191628BC5C880041151E /* ViewController.swift */,
				85A8191828BC5C880041151E /* Main.storyboard */,
				85A8191B28BC5C8A0041151E /* Assets.xcassets */,
				85A8191D28BC5C8A0041151E /* LaunchScreen.storyboard */,
				85A8192028BC5C8A0041151E /* Info.plist */,
			);
			path = "iOS Tip Calculator";
			sourceTree = "<group>";
		};
		85A8192828BC5C8A0041151E /* iOS Tip CalculatorTests */ = {
			isa = PBXGroup;
			children = (
				85A8192928BC5C8A0041151E /* iOS_Tip_CalculatorTests.swift */,
			);
			path = "iOS Tip CalculatorTests";
			sourceTree = "<group>";
		};
		85A8193228BC5C8A0041151E /* iOS Tip CalculatorUITests */ = {
			isa = PBXGroup;
			children = (
				85A8193328BC5C8A0041151E /* iOS_Tip_CalculatorUITests.swift */,
				85A8193528BC5C8A0041151E /* iOS_Tip_CalculatorUITestsLaunchTests.swift */,
			);
			path = "iOS Tip CalculatorUITests";
			sourceTree = "<group>";
		};
/* End PBXGroup section */

/* Begin PBXNativeTarget section */
		85A8190E28BC5C880041151E /* iOS Tip Calculator */ = {
			isa = PBXNativeTarget;
			buildConfigurationList = 85A8193928BC5C8A0041151E /* Build configuration list for PBXNativeTarget "iOS Tip Calculator" */;
			buildPhases = (
				85A8190B28BC5C880041151E /* Sources */,
				85A8190C28BC5C880041151E /* Frameworks */,
				85A8190D28BC5C880041151E /* Resources */,
			);
			buildRules = (
			);
			dependencies = (
			);
			name = "iOS Tip Calculator";
			productName = "iOS Tip Calculator";
			productReference = 85A8190F28BC5C880041151E /* iOS Tip Calculator.app */;
			productType = "com.apple.product-type.application";
		};
		85A8192428BC5C8A0041151E /* iOS Tip CalculatorTests */ = {
			isa = PBXNativeTarget;
			buildConfigurationList = 85A8193C28BC5C8A0041151E /* Build configuration list for PBXNativeTarget "iOS Tip CalculatorTests" */;
			buildPhases = (
				85A8192128BC5C8A0041151E /* Sources */,
				85A8192228BC5C8A0041151E /* Frameworks */,
				85A8192328BC5C8A0041151E /* Resources */,
			);
			buildRules = (
			);
			dependencies = (
				85A8192728BC5C8A0041151E /* PBXTargetDependency */,
			);
			name = "iOS Tip CalculatorTests";
			productName = "iOS Tip CalculatorTests";
			productReference = 85A8192528BC5C8A0041151E /* iOS Tip CalculatorTests.xctest */;
			productType = "com.apple.product-type.bundle.unit-test";
		};
		85A8192E28BC5C8A0041151E /* iOS Tip CalculatorUITests */ = {
			isa = PBXNativeTarget;
			buildConfigurationList = 85A8193F28BC5C8A0041151E /* Build configuration list for PBXNativeTarget "iOS Tip CalculatorUITests" */;
			buildPhases = (
				85A8192B28BC5C8A0041151E /* Sources */,
				85A8192C28BC5C8A0041151E /* Frameworks */,
				85A8192D28BC5C8A0041151E /* Resources */,
			);
			buildRules = (
			);
			dependencies = (
				85A8193128BC5C8A0041151E /* PBXTargetDependency */,
			);
			name = "iOS Tip CalculatorUITests";
			productName = "iOS Tip CalculatorUITests";
			productReference = 85A8192F28BC5C8A0041151E /* iOS Tip CalculatorUITests.xctest */;
			productType = "com.apple.product-type.bundle.ui-testing";
		};
/* End PBXNativeTarget section */

/* Begin PBXProject section */
		85A8190728BC5C880041151E /* Project object */ = {
			isa = PBXProject;
			attributes = {
				BuildIndependentTargetsInParallel = 1;
				LastSwiftUpdateCheck = 1340;
				LastUpgradeCheck = 1340;
				TargetAttributes = {
					85A8190E28BC5C880041151E = {
						CreatedOnToolsVersion = 13.4;
					};
					85A8192428BC5C8A0041151E = {
						CreatedOnToolsVersion = 13.4;
						TestTargetID = 85A8190E28BC5C880041151E;
					};
					85A8192E28BC5C8A0041151E = {
						CreatedOnToolsVersion = 13.4;
						TestTargetID = 85A8190E28BC5C880041151E;
					};
				};
			};
			buildConfigurationList = 85A8190A28BC5C880041151E /* Build configuration list for PBXProject "iOS Tip Calculator" */;
			compatibilityVersion = "Xcode 13.0";
			developmentRegion = en;
			hasScannedForEncodings = 0;
			knownRegions = (
				en,
				Base,
			);
			mainGroup = 85A8190628BC5C880041151E;
			productRefGroup = 85A8191028BC5C880041151E /* Products */;
			projectDirPath = "";
			projectRoot = "";
			targets = (
				85A8190E28BC5C880041151E /* iOS Tip Calculator */,
				85A8192428BC5C8A0041151E /* iOS Tip CalculatorTests */,
				85A8192E28BC5C8A0041151E /* iOS Tip CalculatorUITests */,
			);
		};
/* End PBXProject section */

/* Begin PBXResourcesBuildPhase section */
		85A8190D28BC5C880041151E /* Resources */ = {
			isa = PBXResourcesBuildPhase;
			buildActionMask = 2147483647;
			files = (
				85A8191F28BC5C8A0041151E /* LaunchScreen.storyboard in Resources */,
				85A8191C28BC5C8A0041151E /* Assets.xcassets in Resources */,
				85A8191A28BC5C880041151E /* Main.storyboard in Resources */,
			);
			runOnlyForDeploymentPostprocessing = 0;
		};
		85A8192328BC5C8A0041151E /* Resources */ = {
			isa = PBXResourcesBuildPhase;
			buildActionMask = 2147483647;
			files = (
			);
			runOnlyForDeploymentPostprocessing = 0;
		};
		85A8192D28BC5C8A0041151E /* Resources */ = {
			isa = PBXResourcesBuildPhase;
			buildActionMask = 2147483647;
			files = (
			);
			runOnlyForDeploymentPostprocessing = 0;
		};
/* End PBXResourcesBuildPhase section */

/* Begin PBXSourcesBuildPhase section */
		85A8190B28BC5C880041151E /* Sources */ = {
			isa = PBXSourcesBuildPhase;
			buildActionMask = 2147483647;
			files = (
				85A8191728BC5C880041151E /* ViewController.swift in Sources */,
				85A8191328BC5C880041151E /* AppDelegate.swift in Sources */,
				85A8191528BC5C880041151E /* SceneDelegate.swift in Sources */,
			);
			runOnlyForDeploymentPostprocessing = 0;
		};
		85A8192128BC5C8A0041151E /* Sources */ = {
			isa = PBXSourcesBuildPhase;
			buildActionMask = 2147483647;
			files = (
				85A8192A28BC5C8A0041151E /* iOS_Tip_CalculatorTests.swift in Sources */,
			);
			runOnlyForDeploymentPostprocessing = 0;
		};
		85A8192B28BC5C8A0041151E /* Sources */ = {
			isa = PBXSourcesBuildPhase;
			buildActionMask = 2147483647;
			files = (
				85A8193628BC5C8A0041151E /* iOS_Tip_CalculatorUITestsLaunchTests.swift in Sources */,
				85A8193428BC5C8A0041151E /* iOS_Tip_CalculatorUITests.swift in Sources */,
			);
			runOnlyForDeploymentPostprocessing = 0;
		};
/* End PBXSourcesBuildPhase section */

/* Begin PBXTargetDependency section */
		85A8192728BC5C8A0041151E /* PBXTargetDependency */ = {
			isa = PBXTargetDependency;
			target = 85A8190E28BC5C880041151E /* iOS Tip Calculator */;
			targetProxy = 85A8192628BC5C8A0041151E /* PBXContainerItemProxy */;
		};
		85A8193128BC5C8A0041151E /* PBXTargetDependency */ = {
			isa = PBXTargetDependency;
			target = 85A8190E28BC5C880041151E /* iOS Tip Calculator */;
			targetProxy = 85A8193028BC5C8A0041151E /* PBXContainerItemProxy */;
		};
/* End PBXTargetDependency section */

/* Begin PBXVariantGroup section */
		85A8191828BC5C880041151E /* Main.storyboard */ = {
			isa = PBXVariantGroup;
			children = (
				85A8191928BC5C880041151E /* Base */,
			);
			name = Main.storyboard;
			sourceTree = "<group>";
		};
		85A8191D28BC5C8A0041151E /* LaunchScreen.storyboard */ = {
			isa = PBXVariantGroup;
			children = (
				85A8191E28BC5C8A0041151E /* Base */,
			);
			name = LaunchScreen.storyboard;
			sourceTree = "<group>";
		};
/* End PBXVariantGroup section */

/* Begin XCBuildConfiguration section */
		85A8193728BC5C8A0041151E /* Debug */ = {
			isa = XCBuildConfiguration;
			buildSettings = {
				ALWAYS_SEARCH_USER_PATHS = NO;
				CLANG_ANALYZER_NONNULL = YES;
				CLANG_ANALYZER_NUMBER_OBJECT_CONVERSION = YES_AGGRESSIVE;
				CLANG_CXX_LANGUAGE_STANDARD = "gnu++17";
				CLANG_ENABLE_MODULES = YES;
				CLANG_ENABLE_OBJC_ARC = YES;
				CLANG_ENABLE_OBJC_WEAK = YES;
				CLANG_WARN_BLOCK_CAPTURE_AUTORELEASING = YES;
				CLANG_WARN_BOOL_CONVERSION = YES;
				CLANG_WARN_COMMA = YES;
				CLANG_WARN_CONSTANT_CONVERSION = YES;
				CLANG_WARN_DEPRECATED_OBJC_IMPLEMENTATIONS = YES;
				CLANG_WARN_DIRECT_OBJC_ISA_USAGE = YES_ERROR;
				CLANG_WARN_DOCUMENTATION_COMMENTS = YES;
				CLANG_WARN_EMPTY_BODY = YES;
				CLANG_WARN_ENUM_CONVERSION = YES;
				CLANG_WARN_INFINITE_RECURSION = YES;
				CLANG_WARN_INT_CONVERSION = YES;
				CLANG_WARN_NON_LITERAL_NULL_CONVERSION = YES;
				CLANG_WARN_OBJC_IMPLICIT_RETAIN_SELF = YES;
				CLANG_WARN_OBJC_LITERAL_CONVERSION = YES;
				CLANG_WARN_OBJC_ROOT_CLASS = YES_ERROR;
				CLANG_WARN_QUOTED_INCLUDE_IN_FRAMEWORK_HEADER = YES;
				CLANG_WARN_RANGE_LOOP_ANALYSIS = YES;
				CLANG_WARN_STRICT_PROTOTYPES = YES;
				CLANG_WARN_SUSPICIOUS_MOVE = YES;
				CLANG_WARN_UNGUARDED_AVAILABILITY = YES_AGGRESSIVE;
				CLANG_WARN_UNREACHABLE_CODE = YES;
				CLANG_WARN__DUPLICATE_METHOD_MATCH = YES;
				COPY_PHASE_STRIP = NO;
				DEBUG_INFORMATION_FORMAT = dwarf;
				ENABLE_STRICT_OBJC_MSGSEND = YES;
				ENABLE_TESTABILITY = YES;
				GCC_C_LANGUAGE_STANDARD = gnu11;
				GCC_DYNAMIC_NO_PIC = NO;
				GCC_NO_COMMON_BLOCKS = YES;
				GCC_OPTIMIZATION_LEVEL = 0;
				GCC_PREPROCESSOR_DEFINITIONS = (
					"DEBUG=1",
					"$(inherited)",
				);
				GCC_WARN_64_TO_32_BIT_CONVERSION = YES;
				GCC_WARN_ABOUT_RETURN_TYPE = YES_ERROR;
				GCC_WARN_UNDECLARED_SELECTOR = YES;
				GCC_WARN_UNINITIALIZED_AUTOS = YES_AGGRESSIVE;
				GCC_WARN_UNUSED_FUNCTION = YES;
				GCC_WARN_UNUSED_VARIABLE = YES;
				IPHONEOS_DEPLOYMENT_TARGET = 15.5;
				MTL_ENABLE_DEBUG_INFO = INCLUDE_SOURCE;
				MTL_FAST_MATH = YES;
				ONLY_ACTIVE_ARCH = YES;
				SDKROOT = iphoneos;
				SWIFT_ACTIVE_COMPILATION_CONDITIONS = DEBUG;
				SWIFT_OPTIMIZATION_LEVEL = "-Onone";
			};
			name = Debug;
		};
		85A8193828BC5C8A0041151E /* Release */ = {
			isa = XCBuildConfiguration;
			buildSettings = {
				ALWAYS_SEARCH_USER_PATHS = NO;
				CLANG_ANALYZER_NONNULL = YES;
				CLANG_ANALYZER_NUMBER_OBJECT_CONVERSION = YES_AGGRESSIVE;
				CLANG_CXX_LANGUAGE_STANDARD = "gnu++17";
				CLANG_ENABLE_MODULES = YES;
				CLANG_ENABLE_OBJC_ARC = YES;
				CLANG_ENABLE_OBJC_WEAK = YES;
				CLANG_WARN_BLOCK_CAPTURE_AUTORELEASING = YES;
				CLANG_WARN_BOOL_CONVERSION = YES;
				CLANG_WARN_COMMA = YES;
				CLANG_WARN_CONSTANT_CONVERSION = YES;
				CLANG_WARN_DEPRECATED_OBJC_IMPLEMENTATIONS = YES;
				CLANG_WARN_DIRECT_OBJC_ISA_USAGE = YES_ERROR;
				CLANG_WARN_DOCUMENTATION_COMMENTS = YES;
				CLANG_WARN_EMPTY_BODY = YES;
				CLANG_WARN_ENUM_CONVERSION = YES;
				CLANG_WARN_INFINITE_RECURSION = YES;
				CLANG_WARN_INT_CONVERSION = YES;
				CLANG_WARN_NON_LITERAL_NULL_CONVERSION = YES;
				CLANG_WARN_OBJC_IMPLICIT_RETAIN_SELF = YES;
				CLANG_WARN_OBJC_LITERAL_CONVERSION = YES;
				CLANG_WARN_OBJC_ROOT_CLASS = YES_ERROR;
				CLANG_WARN_QUOTED_INCLUDE_IN_FRAMEWORK_HEADER = YES;
				CLANG_WARN_RANGE_LOOP_ANALYSIS = YES;
				CLANG_WARN_STRICT_PROTOTYPES = YES;
				CLANG_WARN_SUSPICIOUS_MOVE = YES;
				CLANG_WARN_UNGUARDED_AVAILABILITY = YES_AGGRESSIVE;
				CLANG_WARN_UNREACHABLE_CODE = YES;
				CLANG_WARN__DUPLICATE_METHOD_MATCH = YES;
				COPY_PHASE_STRIP = NO;
				DEBUG_INFORMATION_FORMAT = "dwarf-with-dsym";
				ENABLE_NS_ASSERTIONS = NO;
				ENABLE_STRICT_OBJC_MSGSEND = YES;
				GCC_C_LANGUAGE_STANDARD = gnu11;
				GCC_NO_COMMON_BLOCKS = YES;
				GCC_WARN_64_TO_32_BIT_CONVERSION = YES;
				GCC_WARN_ABOUT_RETURN_TYPE = YES_ERROR;
				GCC_WARN_UNDECLARED_SELECTOR = YES;
				GCC_WARN_UNINITIALIZED_AUTOS = YES_AGGRESSIVE;
				GCC_WARN_UNUSED_FUNCTION = YES;
				GCC_WARN_UNUSED_VARIABLE = YES;
				IPHONEOS_DEPLOYMENT_TARGET = 15.5;
				MTL_ENABLE_DEBUG_INFO = NO;
				MTL_FAST_MATH = YES;
				SDKROOT = iphoneos;
				SWIFT_COMPILATION_MODE = wholemodule;
				SWIFT_OPTIMIZATION_LEVEL = "-O";
				VALIDATE_PRODUCT = YES;
			};
			name = Release;
		};
		85A8193A28BC5C8A0041151E /* Debug */ = {
			isa = XCBuildConfiguration;
			buildSettings = {
				ASSETCATALOG_COMPILER_APPICON_NAME = AppIcon;
				ASSETCATALOG_COMPILER_GLOBAL_ACCENT_COLOR_NAME = AccentColor;
				CODE_SIGN_STYLE = Automatic;
				CURRENT_PROJECT_VERSION = 1;
				GENERATE_INFOPLIST_FILE = YES;
				INFOPLIST_FILE = "iOS Tip Calculator/Info.plist";
				INFOPLIST_KEY_UIApplicationSupportsIndirectInputEvents = YES;
				INFOPLIST_KEY_UILaunchStoryboardName = LaunchScreen;
				INFOPLIST_KEY_UIMainStoryboardFile = Main;
				INFOPLIST_KEY_UISupportedInterfaceOrientations_iPad = "UIInterfaceOrientationPortrait UIInterfaceOrientationPortraitUpsideDown UIInterfaceOrientationLandscapeLeft UIInterfaceOrientationLandscapeRight";
				INFOPLIST_KEY_UISupportedInterfaceOrientations_iPhone = "UIInterfaceOrientationPortrait UIInterfaceOrientationLandscapeLeft UIInterfaceOrientationLandscapeRight";
				LD_RUNPATH_SEARCH_PATHS = (
					"$(inherited)",
					"@executable_path/Frameworks",
				);
				MARKETING_VERSION = 1.0;
				PRODUCT_BUNDLE_IDENTIFIER = "memo.com.iOS-Tip-Calculator";
				PRODUCT_NAME = "$(TARGET_NAME)";
				SWIFT_EMIT_LOC_STRINGS = YES;
				SWIFT_VERSION = 5.0;
				TARGETED_DEVICE_FAMILY = "1,2";
			};
			name = Debug;
		};
		85A8193B28BC5C8A0041151E /* Release */ = {
			isa = XCBuildConfiguration;
			buildSettings = {
				ASSETCATALOG_COMPILER_APPICON_NAME = AppIcon;
				ASSETCATALOG_COMPILER_GLOBAL_ACCENT_COLOR_NAME = AccentColor;
				CODE_SIGN_STYLE = Automatic;
				CURRENT_PROJECT_VERSION = 1;
				GENERATE_INFOPLIST_FILE = YES;
				INFOPLIST_FILE = "iOS Tip Calculator/Info.plist";
				INFOPLIST_KEY_UIApplicationSupportsIndirectInputEvents = YES;
				INFOPLIST_KEY_UILaunchStoryboardName = LaunchScreen;
				INFOPLIST_KEY_UIMainStoryboardFile = Main;
				INFOPLIST_KEY_UISupportedInterfaceOrientations_iPad = "UIInterfaceOrientationPortrait UIInterfaceOrientationPortraitUpsideDown UIInterfaceOrientationLandscapeLeft UIInterfaceOrientationLandscapeRight";
				INFOPLIST_KEY_UISupportedInterfaceOrientations_iPhone = "UIInterfaceOrientationPortrait UIInterfaceOrientationLandscapeLeft UIInterfaceOrientationLandscapeRight";
				LD_RUNPATH_SEARCH_PATHS = (
					"$(inherited)",
					"@executable_path/Frameworks",
				);
				MARKETING_VERSION = 1.0;
				PRODUCT_BUNDLE_IDENTIFIER = "memo.com.iOS-Tip-Calculator";
				PRODUCT_NAME = "$(TARGET_NAME)";
				SWIFT_EMIT_LOC_STRINGS = YES;
				SWIFT_VERSION = 5.0;
				TARGETED_DEVICE_FAMILY = "1,2";
			};
			name = Release;
		};
		85A8193D28BC5C8A0041151E /* Debug */ = {
			isa = XCBuildConfiguration;
			buildSettings = {
				ALWAYS_EMBED_SWIFT_STANDARD_LIBRARIES = YES;
				BUNDLE_LOADER = "$(TEST_HOST)";
				CODE_SIGN_STYLE = Automatic;
				CURRENT_PROJECT_VERSION = 1;
				GENERATE_INFOPLIST_FILE = YES;
				IPHONEOS_DEPLOYMENT_TARGET = 15.5;
				MARKETING_VERSION = 1.0;
				PRODUCT_BUNDLE_IDENTIFIER = "memo.com.iOS-Tip-CalculatorTests";
				PRODUCT_NAME = "$(TARGET_NAME)";
				SWIFT_EMIT_LOC_STRINGS = NO;
				SWIFT_VERSION = 5.0;
				TARGETED_DEVICE_FAMILY = "1,2";
				TEST_HOST = "$(BUILT_PRODUCTS_DIR)/iOS Tip Calculator.app/iOS Tip Calculator";
			};
			name = Debug;
		};
		85A8193E28BC5C8A0041151E /* Release */ = {
			isa = XCBuildConfiguration;
			buildSettings = {
				ALWAYS_EMBED_SWIFT_STANDARD_LIBRARIES = YES;
				BUNDLE_LOADER = "$(TEST_HOST)";
				CODE_SIGN_STYLE = Automatic;
				CURRENT_PROJECT_VERSION = 1;
				GENERATE_INFOPLIST_FILE = YES;
				IPHONEOS_DEPLOYMENT_TARGET = 15.5;
				MARKETING_VERSION = 1.0;
				PRODUCT_BUNDLE_IDENTIFIER = "memo.com.iOS-Tip-CalculatorTests";
				PRODUCT_NAME = "$(TARGET_NAME)";
				SWIFT_EMIT_LOC_STRINGS = NO;
				SWIFT_VERSION = 5.0;
				TARGETED_DEVICE_FAMILY = "1,2";
				TEST_HOST = "$(BUILT_PRODUCTS_DIR)/iOS Tip Calculator.app/iOS Tip Calculator";
			};
			name = Release;
		};
		85A8194028BC5C8A0041151E /* Debug */ = {
			isa = XCBuildConfiguration;
			buildSettings = {
				ALWAYS_EMBED_SWIFT_STANDARD_LIBRARIES = YES;
				CODE_SIGN_STYLE = Automatic;
				CURRENT_PROJECT_VERSION = 1;
				GENERATE_INFOPLIST_FILE = YES;
				MARKETING_VERSION = 1.0;
				PRODUCT_BUNDLE_IDENTIFIER = "memo.com.iOS-Tip-CalculatorUITests";
				PRODUCT_NAME = "$(TARGET_NAME)";
				SWIFT_EMIT_LOC_STRINGS = NO;
				SWIFT_VERSION = 5.0;
				TARGETED_DEVICE_FAMILY = "1,2";
				TEST_TARGET_NAME = "iOS Tip Calculator";
			};
			name = Debug;
		};
		85A8194128BC5C8A0041151E /* Release */ = {
			isa = XCBuildConfiguration;
			buildSettings = {
				ALWAYS_EMBED_SWIFT_STANDARD_LIBRARIES = YES;
				CODE_SIGN_STYLE = Automatic;
				CURRENT_PROJECT_VERSION = 1;
				GENERATE_INFOPLIST_FILE = YES;
				MARKETING_VERSION = 1.0;
				PRODUCT_BUNDLE_IDENTIFIER = "memo.com.iOS-Tip-CalculatorUITests";
				PRODUCT_NAME = "$(TARGET_NAME)";
				SWIFT_EMIT_LOC_STRINGS = NO;
				SWIFT_VERSION = 5.0;
				TARGETED_DEVICE_FAMILY = "1,2";
				TEST_TARGET_NAME = "iOS Tip Calculator";
			};
			name = Release;
		};
/* End XCBuildConfiguration section */

/* Begin XCConfigurationList section */
		85A8190A28BC5C880041151E /* Build configuration list for PBXProject "iOS Tip Calculator" */ = {
			isa = XCConfigurationList;
			buildConfigurations = (
				85A8193728BC5C8A0041151E /* Debug */,
				85A8193828BC5C8A0041151E /* Release */,
			);
			defaultConfigurationIsVisible = 0;
			defaultConfigurationName = Release;
		};
		85A8193928BC5C8A0041151E /* Build configuration list for PBXNativeTarget "iOS Tip Calculator" */ = {
			isa = XCConfigurationList;
			buildConfigurations = (
				85A8193A28BC5C8A0041151E /* Debug */,
				85A8193B28BC5C8A0041151E /* Release */,
			);
			defaultConfigurationIsVisible = 0;
			defaultConfigurationName = Release;
		};
		85A8193C28BC5C8A0041151E /* Build configuration list for PBXNativeTarget "iOS Tip CalculatorTests" */ = {
			isa = XCConfigurationList;
			buildConfigurations = (
				85A8193D28BC5C8A0041151E /* Debug */,
				85A8193E28BC5C8A0041151E /* Release */,
			);
			defaultConfigurationIsVisible = 0;
			defaultConfigurationName = Release;
		};
		85A8193F28BC5C8A0041151E /* Build configuration list for PBXNativeTarget "iOS Tip CalculatorUITests" */ = {
			isa = XCConfigurationList;
			buildConfigurations = (
				85A8194028BC5C8A0041151E /* Debug */,
				85A8194128BC5C8A0041151E /* Release */,
			);
			defaultConfigurationIsVisible = 0;
			defaultConfigurationName = Release;
		};
/* End XCConfigurationList section */
	};
	rootObject = 85A8190728BC5C880041151E /* Project object */;
}
